
Microsoft Visual Studio Solution File, Format Version 12.00
# Visual Studio Version 17
VisualStudioVersion = 17.5.002.0
MinimumVisualStudioVersion = 10.0.40219.1
Project("{9A19103F-16F7-4668-BE54-9A1E7A4F7556}") = "Range", "Range.csproj", "{0AB7405F-F61B-4954-A685-49A95E4B5EF1}"
EndProject
Global
	GlobalSection(SolutionConfigurationPlatforms) = preSolution
		Debug|Any CPU = Debug|Any CPU
		Release|Any CPU = Release|Any CPU
	EndGlobalSection
	GlobalSection(ProjectConfigurationPlatforms) = postSolution
		{0AB7405F-F61B-4954-A685-49A95E4B5EF1}.Debug|Any CPU.ActiveCfg = Debug|Any CPU
		{0AB7405F-F61B-4954-A685-49A95E4B5EF1}.Debug|Any CPU.Build.0 = Debug|Any CPU
		{0AB7405F-F61B-4954-A685-49A95E4B5EF1}.Release|Any CPU.ActiveCfg = Release|Any CPU
		{0AB7405F-F61B-4954-A685-49A95E4B5EF1}.Release|Any CPU.Build.0 = Release|Any CPU
	EndGlobalSection
	GlobalSection(SolutionProperties) = preSolution
		HideSolutionNode = FALSE
	EndGlobalSection
	GlobalSection(ExtensibilityGlobals) = postSolution
		SolutionGuid = {3EA6B31E-B73E-4B63-B45D-6B0BD20F45EC}
	EndGlobalSection
EndGlobal
