
Microsoft Visual Studio Solution File, Format Version 12.00
# Visual Studio Version 17
VisualStudioVersion = 17.5.002.0
MinimumVisualStudioVersion = 10.0.40219.1
Project("{9A19103F-16F7-4668-BE54-9A1E7A4F7556}") = "Toplevel", "Toplevel.csproj", "{88D75D42-DF4E-442E-8924-72A6CDC7AAFC}"
EndProject
Global
	GlobalSection(SolutionConfigurationPlatforms) = preSolution
		Debug|Any CPU = Debug|Any CPU
		Release|Any CPU = Release|Any CPU
	EndGlobalSection
	GlobalSection(ProjectConfigurationPlatforms) = postSolution
		{88D75D42-DF4E-442E-8924-72A6CDC7AAFC}.Debug|Any CPU.ActiveCfg = Debug|Any CPU
		{88D75D42-DF4E-442E-8924-72A6CDC7AAFC}.Debug|Any CPU.Build.0 = Debug|Any CPU
		{88D75D42-DF4E-442E-8924-72A6CDC7AAFC}.Release|Any CPU.ActiveCfg = Release|Any CPU
		{88D75D42-DF4E-442E-8924-72A6CDC7AAFC}.Release|Any CPU.Build.0 = Release|Any CPU
	EndGlobalSection
	GlobalSection(SolutionProperties) = preSolution
		HideSolutionNode = FALSE
	EndGlobalSection
	GlobalSection(ExtensibilityGlobals) = postSolution
		SolutionGuid = {B7E5F7C3-8FAD-4C63-B656-7304E44F4B2D}
	EndGlobalSection
EndGlobal
